
Microsoft Visual Studio Solution File, Format Version 12.00
# Visual Studio Version 17
VisualStudioVersion = 17.13.35818.85 d17.13
MinimumVisualStudioVersion = 10.0.40219.1
Project("{FAE04EC0-301F-11D3-BF4B-00C04F79EFBC}") = "tpmod3_103022330122", "tpmod3_103022330122\tpmod3_103022330122.csproj", "{62305641-61F1-4B86-943C-9E08981F91DD}"
EndProject
Global
	GlobalSection(SolutionConfigurationPlatforms) = preSolution
		Debug|Any CPU = Debug|Any CPU
		Release|Any CPU = Release|Any CPU
	EndGlobalSection
	GlobalSection(ProjectConfigurationPlatforms) = postSolution
		{62305641-61F1-4B86-943C-9E08981F91DD}.Debug|Any CPU.ActiveCfg = Debug|Any CPU
		{62305641-61F1-4B86-943C-9E08981F91DD}.Debug|Any CPU.Build.0 = Debug|Any CPU
		{62305641-61F1-4B86-943C-9E08981F91DD}.Release|Any CPU.ActiveCfg = Release|Any CPU
		{62305641-61F1-4B86-943C-9E08981F91DD}.Release|Any CPU.Build.0 = Release|Any CPU
	EndGlobalSection
	GlobalSection(SolutionProperties) = preSolution
		HideSolutionNode = FALSE
	EndGlobalSection
	GlobalSection(ExtensibilityGlobals) = postSolution
		SolutionGuid = {F56CD84C-3C58-4B23-822A-BBB56A680D94}
	EndGlobalSection
EndGlobal
